
Microsoft Visual Studio Solution File, Format Version 12.00
# Visual Studio 15
VisualStudioVersion = 15.0.26403.7
MinimumVisualStudioVersion = 10.0.40219.1
Project("{FAE04EC0-301F-11D3-BF4B-00C04F79EFBC}") = "WindowsFormsApplication1", "WindowsFormsApplication1\WindowsFormsApplication1.csproj", "{55676C5C-5C0A-46FD-A1CA-6D8FFFD3086F}"
EndProject
Global
	GlobalSection(SolutionConfigurationPlatforms) = preSolution
		Debug|Any CPU = Debug|Any CPU
		Debug|x86 = Debug|x86
		Release|Any CPU = Release|Any CPU
		Release|x86 = Release|x86
	EndGlobalSection
	GlobalSection(ProjectConfigurationPlatforms) = postSolution
		{55676C5C-5C0A-46FD-A1CA-6D8FFFD3086F}.Debug|Any CPU.ActiveCfg = Debug|x86
		{55676C5C-5C0A-46FD-A1CA-6D8FFFD3086F}.Debug|x86.ActiveCfg = Debug|x86
		{55676C5C-5C0A-46FD-A1CA-6D8FFFD3086F}.Debug|x86.Build.0 = Debug|x86
		{55676C5C-5C0A-46FD-A1CA-6D8FFFD3086F}.Release|Any CPU.ActiveCfg = Release|x86
		{55676C5C-5C0A-46FD-A1CA-6D8FFFD3086F}.Release|x86.ActiveCfg = Release|x86
		{55676C5C-5C0A-46FD-A1CA-6D8FFFD3086F}.Release|x86.Build.0 = Release|x86
	EndGlobalSection
	GlobalSection(SolutionProperties) = preSolution
		HideSolutionNode = FALSE
	EndGlobalSection
EndGlobal
